
Microsoft Visual Studio Solution File, Format Version 12.00
# Visual Studio Version 16
VisualStudioVersion = 16.0.31410.357
MinimumVisualStudioVersion = 10.0.40219.1
Project("{9A19103F-16F7-4668-BE54-9A1E7A4F7556}") = "The Test", "The Test.csproj", "{EE668BEA-8277-412C-872C-1EAD4418A7E9}"
EndProject
Project("{2150E333-8FDC-42A3-9474-1A3956D46DE8}") = "The_Test", "The_Test", "{2482B280-8AB0-49E9-8451-68BB33021960}"
EndProject
Project("{9A19103F-16F7-4668-BE54-9A1E7A4F7556}") = "MB.Taxi.Entities", "MB.Taxi.Entities\MB.Taxi.Entities.csproj", "{080B28BF-A241-45A5-AFB8-AB248746C05C}"
EndProject
Project("{9A19103F-16F7-4668-BE54-9A1E7A4F7556}") = "MB.Taxi.Utils", "MB.Taxi.Utils\MB.Taxi.Utils.csproj", "{47DD1B8A-987B-4681-AE01-927AEC41778B}"
EndProject
Global
	GlobalSection(SolutionConfigurationPlatforms) = preSolution
		Debug|Any CPU = Debug|Any CPU
		Release|Any CPU = Release|Any CPU
	EndGlobalSection
	GlobalSection(ProjectConfigurationPlatforms) = postSolution
		{EE668BEA-8277-412C-872C-1EAD4418A7E9}.Debug|Any CPU.ActiveCfg = Debug|Any CPU
		{EE668BEA-8277-412C-872C-1EAD4418A7E9}.Debug|Any CPU.Build.0 = Debug|Any CPU
		{EE668BEA-8277-412C-872C-1EAD4418A7E9}.Release|Any CPU.ActiveCfg = Release|Any CPU
		{EE668BEA-8277-412C-872C-1EAD4418A7E9}.Release|Any CPU.Build.0 = Release|Any CPU
		{080B28BF-A241-45A5-AFB8-AB248746C05C}.Debug|Any CPU.ActiveCfg = Debug|Any CPU
		{080B28BF-A241-45A5-AFB8-AB248746C05C}.Debug|Any CPU.Build.0 = Debug|Any CPU
		{080B28BF-A241-45A5-AFB8-AB248746C05C}.Release|Any CPU.ActiveCfg = Release|Any CPU
		{080B28BF-A241-45A5-AFB8-AB248746C05C}.Release|Any CPU.Build.0 = Release|Any CPU
		{47DD1B8A-987B-4681-AE01-927AEC41778B}.Debug|Any CPU.ActiveCfg = Debug|Any CPU
		{47DD1B8A-987B-4681-AE01-927AEC41778B}.Debug|Any CPU.Build.0 = Debug|Any CPU
		{47DD1B8A-987B-4681-AE01-927AEC41778B}.Release|Any CPU.ActiveCfg = Release|Any CPU
		{47DD1B8A-987B-4681-AE01-927AEC41778B}.Release|Any CPU.Build.0 = Release|Any CPU
	EndGlobalSection
	GlobalSection(SolutionProperties) = preSolution
		HideSolutionNode = FALSE
	EndGlobalSection
	GlobalSection(NestedProjects) = preSolution
		{EE668BEA-8277-412C-872C-1EAD4418A7E9} = {2482B280-8AB0-49E9-8451-68BB33021960}
		{080B28BF-A241-45A5-AFB8-AB248746C05C} = {2482B280-8AB0-49E9-8451-68BB33021960}
		{47DD1B8A-987B-4681-AE01-927AEC41778B} = {2482B280-8AB0-49E9-8451-68BB33021960}
	EndGlobalSection
	GlobalSection(ExtensibilityGlobals) = postSolution
		SolutionGuid = {9A504191-275D-48BD-BCB9-1CA7618D6AE9}
	EndGlobalSection
EndGlobal
