
Microsoft Visual Studio Solution File, Format Version 12.00
# Visual Studio Version 16
VisualStudioVersion = 16.0.31410.357
MinimumVisualStudioVersion = 10.0.40219.1
Project("{9A19103F-16F7-4668-BE54-9A1E7A4F7556}") = "The Test", "The Test.csproj", "{EE668BEA-8277-412C-872C-1EAD4418A7E9}"
EndProject
Project("{9A19103F-16F7-4668-BE54-9A1E7A4F7556}") = "MB.Taxi.Entities", "..\MB.Taxi.Entities\MB.Taxi.Entities.csproj", "{D364CE0A-211F-4217-ADC6-1F45786B8B5B}"
EndProject
Project("{9A19103F-16F7-4668-BE54-9A1E7A4F7556}") = "MB.Taxi.Utils", "..\MB.Taxi.Utils\MB.Taxi.Utils.csproj", "{21B4EF7B-20A6-49F4-91E4-6D8E0AAC92D1}"
EndProject
Project("{2150E333-8FDC-42A3-9474-1A3956D46DE8}") = "The_Test", "The_Test", "{2482B280-8AB0-49E9-8451-68BB33021960}"
EndProject
Global
	GlobalSection(SolutionConfigurationPlatforms) = preSolution
		Debug|Any CPU = Debug|Any CPU
		Release|Any CPU = Release|Any CPU
	EndGlobalSection
	GlobalSection(ProjectConfigurationPlatforms) = postSolution
		{EE668BEA-8277-412C-872C-1EAD4418A7E9}.Debug|Any CPU.ActiveCfg = Debug|Any CPU
		{EE668BEA-8277-412C-872C-1EAD4418A7E9}.Debug|Any CPU.Build.0 = Debug|Any CPU
		{EE668BEA-8277-412C-872C-1EAD4418A7E9}.Release|Any CPU.ActiveCfg = Release|Any CPU
		{EE668BEA-8277-412C-872C-1EAD4418A7E9}.Release|Any CPU.Build.0 = Release|Any CPU
		{D364CE0A-211F-4217-ADC6-1F45786B8B5B}.Debug|Any CPU.ActiveCfg = Debug|Any CPU
		{D364CE0A-211F-4217-ADC6-1F45786B8B5B}.Debug|Any CPU.Build.0 = Debug|Any CPU
		{D364CE0A-211F-4217-ADC6-1F45786B8B5B}.Release|Any CPU.ActiveCfg = Release|Any CPU
		{D364CE0A-211F-4217-ADC6-1F45786B8B5B}.Release|Any CPU.Build.0 = Release|Any CPU
		{21B4EF7B-20A6-49F4-91E4-6D8E0AAC92D1}.Debug|Any CPU.ActiveCfg = Debug|Any CPU
		{21B4EF7B-20A6-49F4-91E4-6D8E0AAC92D1}.Debug|Any CPU.Build.0 = Debug|Any CPU
		{21B4EF7B-20A6-49F4-91E4-6D8E0AAC92D1}.Release|Any CPU.ActiveCfg = Release|Any CPU
		{21B4EF7B-20A6-49F4-91E4-6D8E0AAC92D1}.Release|Any CPU.Build.0 = Release|Any CPU
	EndGlobalSection
	GlobalSection(SolutionProperties) = preSolution
		HideSolutionNode = FALSE
	EndGlobalSection
	GlobalSection(NestedProjects) = preSolution
		{EE668BEA-8277-412C-872C-1EAD4418A7E9} = {2482B280-8AB0-49E9-8451-68BB33021960}
		{D364CE0A-211F-4217-ADC6-1F45786B8B5B} = {2482B280-8AB0-49E9-8451-68BB33021960}
		{21B4EF7B-20A6-49F4-91E4-6D8E0AAC92D1} = {2482B280-8AB0-49E9-8451-68BB33021960}
	EndGlobalSection
	GlobalSection(ExtensibilityGlobals) = postSolution
		SolutionGuid = {9A504191-275D-48BD-BCB9-1CA7618D6AE9}
	EndGlobalSection
EndGlobal
